
Microsoft Visual Studio Solution File, Format Version 12.00
# Visual Studio Version 17
VisualStudioVersion = 17.10.35122.118
MinimumVisualStudioVersion = 10.0.40219.1
Project("{FAE04EC0-301F-11D3-BF4B-00C04F79EFBC}") = "electron", "electron.csproj", "{EC5028E1-4474-40DE-BD8E-C35EE91C6872}"
EndProject
Global
	GlobalSection(SolutionConfigurationPlatforms) = preSolution
		Debug|Any CPU = Debug|Any CPU
		Release|Any CPU = Release|Any CPU
	EndGlobalSection
	GlobalSection(ProjectConfigurationPlatforms) = postSolution
		{EC5028E1-4474-40DE-BD8E-C35EE91C6872}.Debug|Any CPU.ActiveCfg = Debug|Any CPU
		{EC5028E1-4474-40DE-BD8E-C35EE91C6872}.Debug|Any CPU.Build.0 = Debug|Any CPU
		{EC5028E1-4474-40DE-BD8E-C35EE91C6872}.Release|Any CPU.ActiveCfg = Release|Any CPU
		{EC5028E1-4474-40DE-BD8E-C35EE91C6872}.Release|Any CPU.Build.0 = Release|Any CPU
	EndGlobalSection
	GlobalSection(SolutionProperties) = preSolution
		HideSolutionNode = FALSE
	EndGlobalSection
	GlobalSection(ExtensibilityGlobals) = postSolution
		SolutionGuid = {61C208DF-96A3-43DB-8E36-57CC5F773004}
	EndGlobalSection
EndGlobal
